
Microsoft Visual Studio Solution File, Format Version 12.00
# Visual Studio Version 17
VisualStudioVersion = 17.0.31903.59
MinimumVisualStudioVersion = 10.0.40219.1
Project("{FAE04EC0-301F-11D3-BF4B-00C04F79EFBC}") = "GorevYonetimSistemi.API", "GorevYonetimSistemi.API\GorevYonetimSistemi.API.csproj", "{DBD7AD61-EFFA-4CD1-9230-C43DE9D0A3F4}"
EndProject
Project("{FAE04EC0-301F-11D3-BF4B-00C04F79EFBC}") = "GorevYonetimSistemi.Business", "GorevYonetimSistemi.Business\GorevYonetimSistemi.Business.csproj", "{8BB8EA17-246A-41AD-A5B7-1425AA4D6A90}"
EndProject
Project("{FAE04EC0-301F-11D3-BF4B-00C04F79EFBC}") = "GorevYonetimSistemi.Data", "GorevYonetimSistemi.Data\GorevYonetimSistemi.Data.csproj", "{ACAB6EEA-7A38-46E3-91F9-6E8E9C591367}"
EndProject
Project("{FAE04EC0-301F-11D3-BF4B-00C04F79EFBC}") = "GorevYonetimSistemi.Core", "GorevYonetimSistemi.Core\GorevYonetimSistemi.Core.csproj", "{67AF5A13-03A1-46BD-8094-A0CA7A1A5A49}"
EndProject
Project("{FAE04EC0-301F-11D3-BF4B-00C04F79EFBC}") = "GorevYonetimSistemi.Web", "GorevYonetimSistemi.Web\GorevYonetimSistemi.Web.csproj", "{969F81EA-E449-4F40-84B9-B9F3DF9CE959}"
EndProject
Global
	GlobalSection(SolutionConfigurationPlatforms) = preSolution
		Debug|Any CPU = Debug|Any CPU
		Release|Any CPU = Release|Any CPU
	EndGlobalSection
	GlobalSection(ProjectConfigurationPlatforms) = postSolution
		{DBD7AD61-EFFA-4CD1-9230-C43DE9D0A3F4}.Debug|Any CPU.ActiveCfg = Debug|Any CPU
		{DBD7AD61-EFFA-4CD1-9230-C43DE9D0A3F4}.Debug|Any CPU.Build.0 = Debug|Any CPU
		{DBD7AD61-EFFA-4CD1-9230-C43DE9D0A3F4}.Release|Any CPU.ActiveCfg = Release|Any CPU
		{DBD7AD61-EFFA-4CD1-9230-C43DE9D0A3F4}.Release|Any CPU.Build.0 = Release|Any CPU
		{8BB8EA17-246A-41AD-A5B7-1425AA4D6A90}.Debug|Any CPU.ActiveCfg = Debug|Any CPU
		{8BB8EA17-246A-41AD-A5B7-1425AA4D6A90}.Debug|Any CPU.Build.0 = Debug|Any CPU
		{8BB8EA17-246A-41AD-A5B7-1425AA4D6A90}.Release|Any CPU.ActiveCfg = Release|Any CPU
		{8BB8EA17-246A-41AD-A5B7-1425AA4D6A90}.Release|Any CPU.Build.0 = Release|Any CPU
		{ACAB6EEA-7A38-46E3-91F9-6E8E9C591367}.Debug|Any CPU.ActiveCfg = Debug|Any CPU
		{ACAB6EEA-7A38-46E3-91F9-6E8E9C591367}.Debug|Any CPU.Build.0 = Debug|Any CPU
		{ACAB6EEA-7A38-46E3-91F9-6E8E9C591367}.Release|Any CPU.ActiveCfg = Release|Any CPU
		{ACAB6EEA-7A38-46E3-91F9-6E8E9C591367}.Release|Any CPU.Build.0 = Release|Any CPU
		{67AF5A13-03A1-46BD-8094-A0CA7A1A5A49}.Debug|Any CPU.ActiveCfg = Debug|Any CPU
		{67AF5A13-03A1-46BD-8094-A0CA7A1A5A49}.Debug|Any CPU.Build.0 = Debug|Any CPU
		{67AF5A13-03A1-46BD-8094-A0CA7A1A5A49}.Release|Any CPU.ActiveCfg = Release|Any CPU
		{67AF5A13-03A1-46BD-8094-A0CA7A1A5A49}.Release|Any CPU.Build.0 = Release|Any CPU
		{969F81EA-E449-4F40-84B9-B9F3DF9CE959}.Debug|Any CPU.ActiveCfg = Debug|Any CPU
		{969F81EA-E449-4F40-84B9-B9F3DF9CE959}.Debug|Any CPU.Build.0 = Debug|Any CPU
		{969F81EA-E449-4F40-84B9-B9F3DF9CE959}.Release|Any CPU.ActiveCfg = Release|Any CPU
		{969F81EA-E449-4F40-84B9-B9F3DF9CE959}.Release|Any CPU.Build.0 = Release|Any CPU
	EndGlobalSection
	GlobalSection(SolutionProperties) = preSolution
		HideSolutionNode = FALSE
	EndGlobalSection
EndGlobal
